
Microsoft Visual Studio Solution File, Format Version 12.00
# Visual Studio 14
VisualStudioVersion = 14.0.25123.0
MinimumVisualStudioVersion = 10.0.40219.1
Project("{FAE04EC0-301F-11D3-BF4B-00C04F79EFBC}") = "WpfRdpTest", "WpfRdpTest\WpfRdpTest.csproj", "{1F3D2D25-0AB4-4086-86DF-92D4BC2F52A7}"
EndProject
Project("{FAE04EC0-301F-11D3-BF4B-00C04F79EFBC}") = "RDPcontrol", "RDPcontrol\RDPcontrol.csproj", "{57C2E07A-6787-46DA-B8FF-231526505B74}"
EndProject
Global
	GlobalSection(SolutionConfigurationPlatforms) = preSolution
		Debug|Any CPU = Debug|Any CPU
		Release|Any CPU = Release|Any CPU
	EndGlobalSection
	GlobalSection(ProjectConfigurationPlatforms) = postSolution
		{1F3D2D25-0AB4-4086-86DF-92D4BC2F52A7}.Debug|Any CPU.ActiveCfg = Debug|Any CPU
		{1F3D2D25-0AB4-4086-86DF-92D4BC2F52A7}.Debug|Any CPU.Build.0 = Debug|Any CPU
		{1F3D2D25-0AB4-4086-86DF-92D4BC2F52A7}.Release|Any CPU.ActiveCfg = Release|Any CPU
		{1F3D2D25-0AB4-4086-86DF-92D4BC2F52A7}.Release|Any CPU.Build.0 = Release|Any CPU
		{57C2E07A-6787-46DA-B8FF-231526505B74}.Debug|Any CPU.ActiveCfg = Debug|Any CPU
		{57C2E07A-6787-46DA-B8FF-231526505B74}.Debug|Any CPU.Build.0 = Debug|Any CPU
		{57C2E07A-6787-46DA-B8FF-231526505B74}.Release|Any CPU.ActiveCfg = Release|Any CPU
		{57C2E07A-6787-46DA-B8FF-231526505B74}.Release|Any CPU.Build.0 = Release|Any CPU
	EndGlobalSection
	GlobalSection(SolutionProperties) = preSolution
		HideSolutionNode = FALSE
	EndGlobalSection
EndGlobal
